dependencies:
  idf:
    component_hash: null
    source:
      type: idf
    version: 5.2.1
  protocol_examples_common:
    component_hash: null
    source:
      path: /home/anuragjk/esp/esp-idf/examples/common_components/protocol_examples_common
      type: local
    version: '*'
manifest_hash: 0603a177289a981549bb98bef0e0d782a56121e278d3b962b0bc39309ce3ade9
target: esp32
version: 1.0.0
